// !$*UTF8*$!
{
	archiveVersion = 1;
	classes = {
	};
	objectVersion = 48;
	objects = {

/* Begin PBXBuildFile section */
		18514E5554372B2BABC68120 /* Pods_Client.framework in Frameworks */ = {isa = PBXBuildFile; fileRef = 2406CCAAF2A0E1CC81242BFA /* Pods_Client.framework */; };
		DA1415BD202022D9002C773F /* Fonts.swift in Sources */ = {isa = PBXBuildFile; fileRef = DA1415BC202022D9002C773F /* Fonts.swift */; };
		DA2AB32720367D21008BDFBE /* Model.swift in Sources */ = {isa = PBXBuildFile; fileRef = DA2AB32620367D21008BDFBE /* Model.swift */; };
		DA3E64682019A8F700F15119 /* Client.swift in Sources */ = {isa = PBXBuildFile; fileRef = DA3E64672019A8F700F15119 /* Client.swift */; };
		DA3E646A2019A90C00F15119 /* SearchBar.swift in Sources */ = {isa = PBXBuildFile; fileRef = DA3E64692019A90C00F15119 /* SearchBar.swift */; };
		DA3E646C2019A96D00F15119 /* Util.swift in Sources */ = {isa = PBXBuildFile; fileRef = DA3E646B2019A96D00F15119 /* Util.swift */; };
		DA537631202CFF8500561098 /* Node.swift in Sources */ = {isa = PBXBuildFile; fileRef = DA537630202CFF8500561098 /* Node.swift */; };
		DA537632202D4B4600561098 /* Assets.xcassets in Resources */ = {isa = PBXBuildFile; fileRef = DA9F97E5202797700078B477 /* Assets.xcassets */; };
		DA86E6C72019A29C00DDE8C9 /* AppDelegate.swift in Sources */ = {isa = PBXBuildFile; fileRef = DA86E6C62019A29C00DDE8C9 /* AppDelegate.swift */; };
		DA86E6C92019A29C00DDE8C9 /* art.scnassets in Resources */ = {isa = PBXBuildFile; fileRef = DA86E6C82019A29C00DDE8C9 /* art.scnassets */; };
		DA86E6CB2019A29C00DDE8C9 /* Main.swift in Sources */ = {isa = PBXBuildFile; fileRef = DA86E6CA2019A29C00DDE8C9 /* Main.swift */; };
		DA86E6CE2019A29C00DDE8C9 /* Main.storyboard in Resources */ = {isa = PBXBuildFile; fileRef = DA86E6CC2019A29C00DDE8C9 /* Main.storyboard */; };
		DA86E6D32019A29C00DDE8C9 /* LaunchScreen.storyboard in Resources */ = {isa = PBXBuildFile; fileRef = DA86E6D12019A29C00DDE8C9 /* LaunchScreen.storyboard */; };
		DA87E778201A879300BDADAE /* Domain.swift in Sources */ = {isa = PBXBuildFile; fileRef = DA87E777201A879300BDADAE /* Domain.swift */; };
		DA87E77A201A8FAC00BDADAE /* Dodecahedron.swift in Sources */ = {isa = PBXBuildFile; fileRef = DA87E779201A8FAC00BDADAE /* Dodecahedron.swift */; };
		DA88DB3C20352B2B005EEAB6 /* ConfigManager.swift in Sources */ = {isa = PBXBuildFile; fileRef = DA88DB3B20352B2B005EEAB6 /* ConfigManager.swift */; };
		DA88DB3F203565D3005EEAB6 /* NodeProperties.swift in Sources */ = {isa = PBXBuildFile; fileRef = DA88DB3E203565D3005EEAB6 /* NodeProperties.swift */; };
		DA88DB4120356683005EEAB6 /* NodeGlobals.swift in Sources */ = {isa = PBXBuildFile; fileRef = DA88DB4020356683005EEAB6 /* NodeGlobals.swift */; };
		DA88DB43203566D4005EEAB6 /* Label.swift in Sources */ = {isa = PBXBuildFile; fileRef = DA88DB42203566D4005EEAB6 /* Label.swift */; };
		DA88DB4520356712005EEAB6 /* NodeUtils.swift in Sources */ = {isa = PBXBuildFile; fileRef = DA88DB4420356712005EEAB6 /* NodeUtils.swift */; };
		DA88DB4720356748005EEAB6 /* NodeUserInterface.swift in Sources */ = {isa = PBXBuildFile; fileRef = DA88DB4620356748005EEAB6 /* NodeUserInterface.swift */; };
		DA88DB4920356774005EEAB6 /* NodeAFrame.swift in Sources */ = {isa = PBXBuildFile; fileRef = DA88DB4820356774005EEAB6 /* NodeAFrame.swift */; };
		DA88DB4B20356811005EEAB6 /* NodeRender.swift in Sources */ = {isa = PBXBuildFile; fileRef = DA88DB4A20356811005EEAB6 /* NodeRender.swift */; };
		DAFC07DF202BC55000638CAC /* Performance.swift in Sources */ = {isa = PBXBuildFile; fileRef = DAFC07DE202BC55000638CAC /* Performance.swift */; };
		DAFC07E1202BDA0F00638CAC /* UserInterface.swift in Sources */ = {isa = PBXBuildFile; fileRef = DAFC07E0202BDA0F00638CAC /* UserInterface.swift */; };
		DAFD57CD20265477003C0372 /* Animate.swift in Sources */ = {isa = PBXBuildFile; fileRef = DAFD57CC20265477003C0372 /* Animate.swift */; };
/* End PBXBuildFile section */

/* Begin PBXFileReference section */
		21858D6BD823FCD542A1826D /* Pods-Client.release.xcconfig */ = {isa = PBXFileReference; includeInIndex = 1; lastKnownFileType = text.xcconfig; name = "Pods-Client.release.xcconfig"; path = "Pods/Target Support Files/Pods-Client/Pods-Client.release.xcconfig"; sourceTree = "<group>"; };
		2406CCAAF2A0E1CC81242BFA /* Pods_Client.framework */ = {isa = PBXFileReference; explicitFileType = wrapper.framework; includeInIndex = 0; path = Pods_Client.framework; sourceTree = BUILT_PRODUCTS_DIR; };
		DA1415BC202022D9002C773F /* Fonts.swift */ = {isa = PBXFileReference; lastKnownFileType = sourcecode.swift; path = Fonts.swift; sourceTree = "<group>"; };
		DA2AB32620367D21008BDFBE /* Model.swift */ = {isa = PBXFileReference; lastKnownFileType = sourcecode.swift; path = Model.swift; sourceTree = "<group>"; };
		DA3E64672019A8F700F15119 /* Client.swift */ = {isa = PBXFileReference; lastKnownFileType = sourcecode.swift; path = Client.swift; sourceTree = "<group>"; };
		DA3E64692019A90C00F15119 /* SearchBar.swift */ = {isa = PBXFileReference; lastKnownFileType = sourcecode.swift; path = SearchBar.swift; sourceTree = "<group>"; };
		DA3E646B2019A96D00F15119 /* Util.swift */ = {isa = PBXFileReference; lastKnownFileType = sourcecode.swift; path = Util.swift; sourceTree = "<group>"; };
		DA537630202CFF8500561098 /* Node.swift */ = {isa = PBXFileReference; lastKnownFileType = sourcecode.swift; path = Node.swift; sourceTree = "<group>"; };
		DA86E6C32019A29C00DDE8C9 /* Client.app */ = {isa = PBXFileReference; explicitFileType = wrapper.application; includeInIndex = 0; path = Client.app; sourceTree = BUILT_PRODUCTS_DIR; };
		DA86E6C62019A29C00DDE8C9 /* AppDelegate.swift */ = {isa = PBXFileReference; lastKnownFileType = sourcecode.swift; path = AppDelegate.swift; sourceTree = "<group>"; };
		DA86E6C82019A29C00DDE8C9 /* art.scnassets */ = {isa = PBXFileReference; lastKnownFileType = wrapper.scnassets; path = art.scnassets; sourceTree = "<group>"; };
		DA86E6CA2019A29C00DDE8C9 /* Main.swift */ = {isa = PBXFileReference; lastKnownFileType = sourcecode.swift; path = Main.swift; sourceTree = "<group>"; };
		DA86E6CD2019A29C00DDE8C9 /* Base */ = {isa = PBXFileReference; lastKnownFileType = file.storyboard; name = Base; path = Base.lproj/Main.storyboard; sourceTree = "<group>"; };
		DA86E6D22019A29C00DDE8C9 /* Base */ = {isa = PBXFileReference; lastKnownFileType = file.storyboard; name = Base; path = Base.lproj/LaunchScreen.storyboard; sourceTree = "<group>"; };
		DA86E6D42019A29C00DDE8C9 /* Info.plist */ = {isa = PBXFileReference; lastKnownFileType = text.plist.xml; path = Info.plist; sourceTree = "<group>"; };
		DA87E777201A879300BDADAE /* Domain.swift */ = {isa = PBXFileReference; lastKnownFileType = sourcecode.swift; path = Domain.swift; sourceTree = "<group>"; };
		DA87E779201A8FAC00BDADAE /* Dodecahedron.swift */ = {isa = PBXFileReference; lastKnownFileType = sourcecode.swift; path = Dodecahedron.swift; sourceTree = "<group>"; };
		DA88DB3B20352B2B005EEAB6 /* ConfigManager.swift */ = {isa = PBXFileReference; lastKnownFileType = sourcecode.swift; path = ConfigManager.swift; sourceTree = "<group>"; };
		DA88DB3E203565D3005EEAB6 /* NodeProperties.swift */ = {isa = PBXFileReference; lastKnownFileType = sourcecode.swift; path = NodeProperties.swift; sourceTree = "<group>"; };
		DA88DB4020356683005EEAB6 /* NodeGlobals.swift */ = {isa = PBXFileReference; lastKnownFileType = sourcecode.swift; path = NodeGlobals.swift; sourceTree = "<group>"; };
		DA88DB42203566D4005EEAB6 /* Label.swift */ = {isa = PBXFileReference; lastKnownFileType = sourcecode.swift; path = Label.swift; sourceTree = "<group>"; };
		DA88DB4420356712005EEAB6 /* NodeUtils.swift */ = {isa = PBXFileReference; lastKnownFileType = sourcecode.swift; path = NodeUtils.swift; sourceTree = "<group>"; };
		DA88DB4620356748005EEAB6 /* NodeUserInterface.swift */ = {isa = PBXFileReference; lastKnownFileType = sourcecode.swift; path = NodeUserInterface.swift; sourceTree = "<group>"; };
		DA88DB4820356774005EEAB6 /* NodeAFrame.swift */ = {isa = PBXFileReference; lastKnownFileType = sourcecode.swift; path = NodeAFrame.swift; sourceTree = "<group>"; };
		DA88DB4A20356811005EEAB6 /* NodeRender.swift */ = {isa = PBXFileReference; lastKnownFileType = sourcecode.swift; path = NodeRender.swift; sourceTree = "<group>"; };
		DA9F97E5202797700078B477 /* Assets.xcassets */ = {isa = PBXFileReference; lastKnownFileType = folder.assetcatalog; path = Assets.xcassets; sourceTree = "<group>"; };
		DAFC07DE202BC55000638CAC /* Performance.swift */ = {isa = PBXFileReference; lastKnownFileType = sourcecode.swift; path = Performance.swift; sourceTree = "<group>"; };
		DAFC07E0202BDA0F00638CAC /* UserInterface.swift */ = {isa = PBXFileReference; lastKnownFileType = sourcecode.swift; path = UserInterface.swift; sourceTree = "<group>"; };
		DAFD57CC20265477003C0372 /* Animate.swift */ = {isa = PBXFileReference; lastKnownFileType = sourcecode.swift; path = Animate.swift; sourceTree = "<group>"; };
		FB987B3FDFB5580A558A7BED /* Pods-Client.debug.xcconfig */ = {isa = PBXFileReference; includeInIndex = 1; lastKnownFileType = text.xcconfig; name = "Pods-Client.debug.xcconfig"; path = "Pods/Target Support Files/Pods-Client/Pods-Client.debug.xcconfig"; sourceTree = "<group>"; };
/* End PBXFileReference section */

/* Begin PBXFrameworksBuildPhase section */
		DA86E6C02019A29C00DDE8C9 /* Frameworks */ = {
			isa = PBXFrameworksBuildPhase;
			buildActionMask = 2147483647;
			files = (
				18514E5554372B2BABC68120 /* Pods_Client.framework in Frameworks */,
			);
			runOnlyForDeploymentPostprocessing = 0;
		};
/* End PBXFrameworksBuildPhase section */

/* Begin PBXGroup section */
		3306EBC271917E1ADE336890 /* Pods */ = {
			isa = PBXGroup;
			children = (
				FB987B3FDFB5580A558A7BED /* Pods-Client.debug.xcconfig */,
				21858D6BD823FCD542A1826D /* Pods-Client.release.xcconfig */,
			);
			name = Pods;
			sourceTree = "<group>";
		};
		DA86E6BA2019A29C00DDE8C9 = {
			isa = PBXGroup;
			children = (
				DA86E6C52019A29C00DDE8C9 /* Client */,
				DA86E6C42019A29C00DDE8C9 /* Products */,
				3306EBC271917E1ADE336890 /* Pods */,
				E261A89E9A5E716512731264 /* Frameworks */,
			);
			sourceTree = "<group>";
		};
		DA86E6C42019A29C00DDE8C9 /* Products */ = {
			isa = PBXGroup;
			children = (
				DA86E6C32019A29C00DDE8C9 /* Client.app */,
			);
			name = Products;
			sourceTree = "<group>";
		};
		DA86E6C52019A29C00DDE8C9 /* Client */ = {
			isa = PBXGroup;
			children = (
				DA86E6D42019A29C00DDE8C9 /* Info.plist */,
				DA88DB3D203565C2005EEAB6 /* Node */,
				DA88DB3720352995005EEAB6 /* Core */,
				DA88DB39203529D6005EEAB6 /* Interface */,
				DA88DB3A203529EC005EEAB6 /* Util */,
				DA88DB382035299F005EEAB6 /* Assets */,
			);
			path = Client;
			sourceTree = "<group>";
		};
		DA88DB3720352995005EEAB6 /* Core */ = {
			isa = PBXGroup;
			children = (
				DA86E6CA2019A29C00DDE8C9 /* Main.swift */,
				DA3E64672019A8F700F15119 /* Client.swift */,
				DA87E777201A879300BDADAE /* Domain.swift */,
				DA88DB3B20352B2B005EEAB6 /* ConfigManager.swift */,
				DA537630202CFF8500561098 /* Node.swift */,
				DA2AB32620367D21008BDFBE /* Model.swift */,
			);
			path = Core;
			sourceTree = "<group>";
		};
		DA88DB382035299F005EEAB6 /* Assets */ = {
			isa = PBXGroup;
			children = (
				DA86E6D12019A29C00DDE8C9 /* LaunchScreen.storyboard */,
				DA86E6CC2019A29C00DDE8C9 /* Main.storyboard */,
				DA9F97E5202797700078B477 /* Assets.xcassets */,
				DA86E6C82019A29C00DDE8C9 /* art.scnassets */,
			);
			path = Assets;
			sourceTree = "<group>";
		};
		DA88DB39203529D6005EEAB6 /* Interface */ = {
			isa = PBXGroup;
			children = (
				DAFC07E0202BDA0F00638CAC /* UserInterface.swift */,
				DA3E64692019A90C00F15119 /* SearchBar.swift */,
				DA88DB42203566D4005EEAB6 /* Label.swift */,
				DAFD57CC20265477003C0372 /* Animate.swift */,
				DA87E779201A8FAC00BDADAE /* Dodecahedron.swift */,
			);
			path = Interface;
			sourceTree = "<group>";
		};
		DA88DB3A203529EC005EEAB6 /* Util */ = {
			isa = PBXGroup;
			children = (
				DAFC07DE202BC55000638CAC /* Performance.swift */,
				DA86E6C62019A29C00DDE8C9 /* AppDelegate.swift */,
				DA3E646B2019A96D00F15119 /* Util.swift */,
				DA1415BC202022D9002C773F /* Fonts.swift */,
			);
			path = Util;
			sourceTree = "<group>";
		};
		DA88DB3D203565C2005EEAB6 /* Node */ = {
			isa = PBXGroup;
			children = (
				DA88DB3E203565D3005EEAB6 /* NodeProperties.swift */,
				DA88DB4020356683005EEAB6 /* NodeGlobals.swift */,
				DA88DB4420356712005EEAB6 /* NodeUtils.swift */,
				DA88DB4620356748005EEAB6 /* NodeUserInterface.swift */,
				DA88DB4820356774005EEAB6 /* NodeAFrame.swift */,
				DA88DB4A20356811005EEAB6 /* NodeRender.swift */,
			);
			path = Node;
			sourceTree = "<group>";
		};
		E261A89E9A5E716512731264 /* Frameworks */ = {
			isa = PBXGroup;
			children = (
				2406CCAAF2A0E1CC81242BFA /* Pods_Client.framework */,
			);
			name = Frameworks;
			sourceTree = "<group>";
		};
/* End PBXGroup section */

/* Begin PBXNativeTarget section */
		DA86E6C22019A29C00DDE8C9 /* Client */ = {
			isa = PBXNativeTarget;
			buildConfigurationList = DA86E6D72019A29C00DDE8C9 /* Build configuration list for PBXNativeTarget "Client" */;
			buildPhases = (
				F6B9624A8AE21F1A4BFE9D4E /* [CP] Check Pods Manifest.lock */,
				DA86E6BF2019A29C00DDE8C9 /* Sources */,
				DA86E6C02019A29C00DDE8C9 /* Frameworks */,
				DA86E6C12019A29C00DDE8C9 /* Resources */,
				9273787BD48A011D5FCB8402 /* [CP] Embed Pods Frameworks */,
				E30653E9E335FDB8EEAE9687 /* [CP] Copy Pods Resources */,
			);
			buildRules = (
			);
			dependencies = (
			);
			name = Client;
			productName = Client;
			productReference = DA86E6C32019A29C00DDE8C9 /* Client.app */;
			productType = "com.apple.product-type.application";
		};
/* End PBXNativeTarget section */

/* Begin PBXProject section */
		DA86E6BB2019A29C00DDE8C9 /* Project object */ = {
			isa = PBXProject;
			attributes = {
				LastSwiftUpdateCheck = 0920;
				LastUpgradeCheck = 0920;
				ORGANIZATIONNAME = "Atlas Innovation";
				TargetAttributes = {
					DA86E6C22019A29C00DDE8C9 = {
						CreatedOnToolsVersion = 9.2;
						ProvisioningStyle = Automatic;
					};
				};
			};
			buildConfigurationList = DA86E6BE2019A29C00DDE8C9 /* Build configuration list for PBXProject "Client" */;
			compatibilityVersion = "Xcode 8.0";
			developmentRegion = en;
			hasScannedForEncodings = 0;
			knownRegions = (
				en,
				Base,
			);
			mainGroup = DA86E6BA2019A29C00DDE8C9;
			productRefGroup = DA86E6C42019A29C00DDE8C9 /* Products */;
			projectDirPath = "";
			projectRoot = "";
			targets = (
				DA86E6C22019A29C00DDE8C9 /* Client */,
			);
		};
/* End PBXProject section */

/* Begin PBXResourcesBuildPhase section */
		DA86E6C12019A29C00DDE8C9 /* Resources */ = {
			isa = PBXResourcesBuildPhase;
			buildActionMask = 2147483647;
			files = (
				DA86E6C92019A29C00DDE8C9 /* art.scnassets in Resources */,
				DA86E6D32019A29C00DDE8C9 /* LaunchScreen.storyboard in Resources */,
				DA537632202D4B4600561098 /* Assets.xcassets in Resources */,
				DA86E6CE2019A29C00DDE8C9 /* Main.storyboard in Resources */,
			);
			runOnlyForDeploymentPostprocessing = 0;
		};
/* End PBXResourcesBuildPhase section */

/* Begin PBXShellScriptBuildPhase section */
		9273787BD48A011D5FCB8402 /* [CP] Embed Pods Frameworks */ = {
			isa = PBXShellScriptBuildPhase;
			buildActionMask = 2147483647;
			files = (
			);
			inputPaths = (
				"${SRCROOT}/Pods/Target Support Files/Pods-Client/Pods-Client-frameworks.sh",
				"${BUILT_PRODUCTS_DIR}/Alamofire/Alamofire.framework",
				"${BUILT_PRODUCTS_DIR}/Alamofire-SwiftyJSON/Alamofire_SwiftyJSON.framework",
				"${BUILT_PRODUCTS_DIR}/AlamofireImage/AlamofireImage.framework",
				"${BUILT_PRODUCTS_DIR}/Socket.IO-Client-Swift/SocketIO.framework",
				"${BUILT_PRODUCTS_DIR}/Starscream/Starscream.framework",
				"${BUILT_PRODUCTS_DIR}/SwiftyJSON/SwiftyJSON.framework",
			);
			name = "[CP] Embed Pods Frameworks";
			outputPaths = (
				"${TARGET_BUILD_DIR}/${FRAMEWORKS_FOLDER_PATH}/Alamofire.framework",
				"${TARGET_BUILD_DIR}/${FRAMEWORKS_FOLDER_PATH}/Alamofire_SwiftyJSON.framework",
				"${TARGET_BUILD_DIR}/${FRAMEWORKS_FOLDER_PATH}/AlamofireImage.framework",
				"${TARGET_BUILD_DIR}/${FRAMEWORKS_FOLDER_PATH}/SocketIO.framework",
				"${TARGET_BUILD_DIR}/${FRAMEWORKS_FOLDER_PATH}/Starscream.framework",
				"${TARGET_BUILD_DIR}/${FRAMEWORKS_FOLDER_PATH}/SwiftyJSON.framework",
			);
			runOnlyForDeploymentPostprocessing = 0;
			shellPath = /bin/sh;
			shellScript = "\"${SRCROOT}/Pods/Target Support Files/Pods-Client/Pods-Client-frameworks.sh\"\n";
			showEnvVarsInLog = 0;
		};
		E30653E9E335FDB8EEAE9687 /* [CP] Copy Pods Resources */ = {
			isa = PBXShellScriptBuildPhase;
			buildActionMask = 2147483647;
			files = (
			);
			inputPaths = (
			);
			name = "[CP] Copy Pods Resources";
			outputPaths = (
			);
			runOnlyForDeploymentPostprocessing = 0;
			shellPath = /bin/sh;
			shellScript = "\"${SRCROOT}/Pods/Target Support Files/Pods-Client/Pods-Client-resources.sh\"\n";
			showEnvVarsInLog = 0;
		};
		F6B9624A8AE21F1A4BFE9D4E /* [CP] Check Pods Manifest.lock */ = {
			isa = PBXShellScriptBuildPhase;
			buildActionMask = 2147483647;
			files = (
			);
			inputPaths = (
				"${PODS_PODFILE_DIR_PATH}/Podfile.lock",
				"${PODS_ROOT}/Manifest.lock",
			);
			name = "[CP] Check Pods Manifest.lock";
			outputPaths = (
				"$(DERIVED_FILE_DIR)/Pods-Client-checkManifestLockResult.txt",
			);
			runOnlyForDeploymentPostprocessing = 0;
			shellPath = /bin/sh;
			shellScript = "diff \"${PODS_PODFILE_DIR_PATH}/Podfile.lock\" \"${PODS_ROOT}/Manifest.lock\" > /dev/null\nif [ $? != 0 ] ; then\n    # print error to STDERR\n    echo \"error: The sandbox is not in sync with the Podfile.lock. Run 'pod install' or update your CocoaPods installation.\" >&2\n    exit 1\nfi\n# This output is used by Xcode 'outputs' to avoid re-running this script phase.\necho \"SUCCESS\" > \"${SCRIPT_OUTPUT_FILE_0}\"\n";
			showEnvVarsInLog = 0;
		};
/* End PBXShellScriptBuildPhase section */

/* Begin PBXSourcesBuildPhase section */
		DA86E6BF2019A29C00DDE8C9 /* Sources */ = {
			isa = PBXSourcesBuildPhase;
			buildActionMask = 2147483647;
			files = (
				DA2AB32720367D21008BDFBE /* Model.swift in Sources */,
				DA87E77A201A8FAC00BDADAE /* Dodecahedron.swift in Sources */,
				DA86E6CB2019A29C00DDE8C9 /* Main.swift in Sources */,
				DA3E646A2019A90C00F15119 /* SearchBar.swift in Sources */,
				DA3E646C2019A96D00F15119 /* Util.swift in Sources */,
				DA88DB4720356748005EEAB6 /* NodeUserInterface.swift in Sources */,
				DA86E6C72019A29C00DDE8C9 /* AppDelegate.swift in Sources */,
				DA88DB4120356683005EEAB6 /* NodeGlobals.swift in Sources */,
				DA88DB43203566D4005EEAB6 /* Label.swift in Sources */,
				DA88DB3C20352B2B005EEAB6 /* ConfigManager.swift in Sources */,
				DA88DB4B20356811005EEAB6 /* NodeRender.swift in Sources */,
				DA88DB3F203565D3005EEAB6 /* NodeProperties.swift in Sources */,
				DA3E64682019A8F700F15119 /* Client.swift in Sources */,
				DAFC07DF202BC55000638CAC /* Performance.swift in Sources */,
				DA88DB4520356712005EEAB6 /* NodeUtils.swift in Sources */,
				DAFD57CD20265477003C0372 /* Animate.swift in Sources */,
				DA1415BD202022D9002C773F /* Fonts.swift in Sources */,
				DA537631202CFF8500561098 /* Node.swift in Sources */,
				DA88DB4920356774005EEAB6 /* NodeAFrame.swift in Sources */,
				DAFC07E1202BDA0F00638CAC /* UserInterface.swift in Sources */,
				DA87E778201A879300BDADAE /* Domain.swift in Sources */,
			);
			runOnlyForDeploymentPostprocessing = 0;
		};
/* End PBXSourcesBuildPhase section */

/* Begin PBXVariantGroup section */
		DA86E6CC2019A29C00DDE8C9 /* Main.storyboard */ = {
			isa = PBXVariantGroup;
			children = (
				DA86E6CD2019A29C00DDE8C9 /* Base */,
			);
			name = Main.storyboard;
			sourceTree = "<group>";
		};
		DA86E6D12019A29C00DDE8C9 /* LaunchScreen.storyboard */ = {
			isa = PBXVariantGroup;
			children = (
				DA86E6D22019A29C00DDE8C9 /* Base */,
			);
			name = LaunchScreen.storyboard;
			sourceTree = "<group>";
		};
/* End PBXVariantGroup section */

/* Begin XCBuildConfiguration section */
		DA86E6D52019A29C00DDE8C9 /* Debug */ = {
			isa = XCBuildConfiguration;
			buildSettings = {
				ALWAYS_SEARCH_USER_PATHS = NO;
				CLANG_ANALYZER_NONNULL = YES;
				CLANG_ANALYZER_NUMBER_OBJECT_CONVERSION = YES_AGGRESSIVE;
				CLANG_CXX_LANGUAGE_STANDARD = "gnu++14";
				CLANG_CXX_LIBRARY = "libc++";
				CLANG_ENABLE_MODULES = YES;
				CLANG_ENABLE_OBJC_ARC = YES;
				CLANG_WARN_BLOCK_CAPTURE_AUTORELEASING = YES;
				CLANG_WARN_BOOL_CONVERSION = YES;
				CLANG_WARN_COMMA = YES;
				CLANG_WARN_CONSTANT_CONVERSION = YES;
				CLANG_WARN_DIRECT_OBJC_ISA_USAGE = YES_ERROR;
				CLANG_WARN_DOCUMENTATION_COMMENTS = YES;
				CLANG_WARN_EMPTY_BODY = YES;
				CLANG_WARN_ENUM_CONVERSION = YES;
				CLANG_WARN_INFINITE_RECURSION = YES;
				CLANG_WARN_INT_CONVERSION = YES;
				CLANG_WARN_NON_LITERAL_NULL_CONVERSION = YES;
				CLANG_WARN_OBJC_LITERAL_CONVERSION = YES;
				CLANG_WARN_OBJC_ROOT_CLASS = YES_ERROR;
				CLANG_WARN_RANGE_LOOP_ANALYSIS = YES;
				CLANG_WARN_STRICT_PROTOTYPES = YES;
				CLANG_WARN_SUSPICIOUS_MOVE = YES;
				CLANG_WARN_UNGUARDED_AVAILABILITY = YES_AGGRESSIVE;
				CLANG_WARN_UNREACHABLE_CODE = YES;
				CLANG_WARN__DUPLICATE_METHOD_MATCH = YES;
				CODE_SIGN_IDENTITY = "iPhone Developer";
				COPY_PHASE_STRIP = NO;
				DEBUG_INFORMATION_FORMAT = dwarf;
				ENABLE_STRICT_OBJC_MSGSEND = YES;
				ENABLE_TESTABILITY = YES;
				GCC_C_LANGUAGE_STANDARD = gnu11;
				GCC_DYNAMIC_NO_PIC = NO;
				GCC_NO_COMMON_BLOCKS = YES;
				GCC_OPTIMIZATION_LEVEL = 0;
				GCC_PREPROCESSOR_DEFINITIONS = (
					"DEBUG=1",
					"$(inherited)",
				);
				GCC_WARN_64_TO_32_BIT_CONVERSION = YES;
				GCC_WARN_ABOUT_RETURN_TYPE = YES_ERROR;
				GCC_WARN_UNDECLARED_SELECTOR = YES;
				GCC_WARN_UNINITIALIZED_AUTOS = YES_AGGRESSIVE;
				GCC_WARN_UNUSED_FUNCTION = YES;
				GCC_WARN_UNUSED_VARIABLE = YES;
				IPHONEOS_DEPLOYMENT_TARGET = 11.2;
				MTL_ENABLE_DEBUG_INFO = YES;
				ONLY_ACTIVE_ARCH = YES;
				SDKROOT = iphoneos;
				SWIFT_ACTIVE_COMPILATION_CONDITIONS = DEBUG;
				SWIFT_OPTIMIZATION_LEVEL = "-Onone";
			};
			name = Debug;
		};
		DA86E6D62019A29C00DDE8C9 /* Release */ = {
			isa = XCBuildConfiguration;
			buildSettings = {
				ALWAYS_SEARCH_USER_PATHS = NO;
				CLANG_ANALYZER_NONNULL = YES;
				CLANG_ANALYZER_NUMBER_OBJECT_CONVERSION = YES_AGGRESSIVE;
				CLANG_CXX_LANGUAGE_STANDARD = "gnu++14";
				CLANG_CXX_LIBRARY = "libc++";
				CLANG_ENABLE_MODULES = YES;
				CLANG_ENABLE_OBJC_ARC = YES;
				CLANG_WARN_BLOCK_CAPTURE_AUTORELEASING = YES;
				CLANG_WARN_BOOL_CONVERSION = YES;
				CLANG_WARN_COMMA = YES;
				CLANG_WARN_CONSTANT_CONVERSION = YES;
				CLANG_WARN_DIRECT_OBJC_ISA_USAGE = YES_ERROR;
				CLANG_WARN_DOCUMENTATION_COMMENTS = YES;
				CLANG_WARN_EMPTY_BODY = YES;
				CLANG_WARN_ENUM_CONVERSION = YES;
				CLANG_WARN_INFINITE_RECURSION = YES;
				CLANG_WARN_INT_CONVERSION = YES;
				CLANG_WARN_NON_LITERAL_NULL_CONVERSION = YES;
				CLANG_WARN_OBJC_LITERAL_CONVERSION = YES;
				CLANG_WARN_OBJC_ROOT_CLASS = YES_ERROR;
				CLANG_WARN_RANGE_LOOP_ANALYSIS = YES;
				CLANG_WARN_STRICT_PROTOTYPES = YES;
				CLANG_WARN_SUSPICIOUS_MOVE = YES;
				CLANG_WARN_UNGUARDED_AVAILABILITY = YES_AGGRESSIVE;
				CLANG_WARN_UNREACHABLE_CODE = YES;
				CLANG_WARN__DUPLICATE_METHOD_MATCH = YES;
				CODE_SIGN_IDENTITY = "iPhone Developer";
				COPY_PHASE_STRIP = NO;
				DEBUG_INFORMATION_FORMAT = "dwarf-with-dsym";
				ENABLE_NS_ASSERTIONS = NO;
				ENABLE_STRICT_OBJC_MSGSEND = YES;
				GCC_C_LANGUAGE_STANDARD = gnu11;
				GCC_NO_COMMON_BLOCKS = YES;
				GCC_WARN_64_TO_32_BIT_CONVERSION = YES;
				GCC_WARN_ABOUT_RETURN_TYPE = YES_ERROR;
				GCC_WARN_UNDECLARED_SELECTOR = YES;
				GCC_WARN_UNINITIALIZED_AUTOS = YES_AGGRESSIVE;
				GCC_WARN_UNUSED_FUNCTION = YES;
				GCC_WARN_UNUSED_VARIABLE = YES;
				IPHONEOS_DEPLOYMENT_TARGET = 11.2;
				MTL_ENABLE_DEBUG_INFO = NO;
				SDKROOT = iphoneos;
				SWIFT_OPTIMIZATION_LEVEL = "-Owholemodule";
				VALIDATE_PRODUCT = YES;
			};
			name = Release;
		};
		DA86E6D82019A29C00DDE8C9 /* Debug */ = {
			isa = XCBuildConfiguration;
			baseConfigurationReference = FB987B3FDFB5580A558A7BED /* Pods-Client.debug.xcconfig */;
			buildSettings = {
				ASSETCATALOG_COMPILER_APPICON_NAME = AppIcon;
				CODE_SIGN_STYLE = Automatic;
				DEVELOPMENT_TEAM = X74VR9B6M2;
				INFOPLIST_FILE = Client/Info.plist;
				IPHONEOS_DEPLOYMENT_TARGET = 11.0;
				LD_RUNPATH_SEARCH_PATHS = "$(inherited) @executable_path/Frameworks";
				PRODUCT_BUNDLE_IDENTIFIER = Atlas.Client;
				PRODUCT_NAME = "$(TARGET_NAME)";
				SWIFT_VERSION = 4.0;
				TARGETED_DEVICE_FAMILY = "1,2";
			};
			name = Debug;
		};
		DA86E6D92019A29C00DDE8C9 /* Release */ = {
			isa = XCBuildConfiguration;
			baseConfigurationReference = 21858D6BD823FCD542A1826D /* Pods-Client.release.xcconfig */;
			buildSettings = {
				ASSETCATALOG_COMPILER_APPICON_NAME = AppIcon;
				CODE_SIGN_STYLE = Automatic;
				DEVELOPMENT_TEAM = X74VR9B6M2;
				INFOPLIST_FILE = Client/Info.plist;
				IPHONEOS_DEPLOYMENT_TARGET = 11.0;
				LD_RUNPATH_SEARCH_PATHS = "$(inherited) @executable_path/Frameworks";
				PRODUCT_BUNDLE_IDENTIFIER = Atlas.Client;
				PRODUCT_NAME = "$(TARGET_NAME)";
				SWIFT_VERSION = 4.0;
				TARGETED_DEVICE_FAMILY = "1,2";
			};
			name = Release;
		};
/* End XCBuildConfiguration section */

/* Begin XCConfigurationList section */
		DA86E6BE2019A29C00DDE8C9 /* Build configuration list for PBXProject "Client" */ = {
			isa = XCConfigurationList;
			buildConfigurations = (
				DA86E6D52019A29C00DDE8C9 /* Debug */,
				DA86E6D62019A29C00DDE8C9 /* Release */,
			);
			defaultConfigurationIsVisible = 0;
			defaultConfigurationName = Release;
		};
		DA86E6D72019A29C00DDE8C9 /* Build configuration list for PBXNativeTarget "Client" */ = {
			isa = XCConfigurationList;
			buildConfigurations = (
				DA86E6D82019A29C00DDE8C9 /* Debug */,
				DA86E6D92019A29C00DDE8C9 /* Release */,
			);
			defaultConfigurationIsVisible = 0;
			defaultConfigurationName = Release;
		};
/* End XCConfigurationList section */
	};
	rootObject = DA86E6BB2019A29C00DDE8C9 /* Project object */;
}
